
Microsoft Visual Studio Solution File, Format Version 12.00
# Visual Studio Version 16
VisualStudioVersion = 16.0.32126.315
MinimumVisualStudioVersion = 10.0.40219.1
Project("{FAE04EC0-301F-11D3-BF4B-00C04F79EFBC}") = "Basic Calculator", "ConsoleApp1\Basic Calculator.csproj", "{EE338D84-C4ED-467B-A28B-76406FEB8E01}"
EndProject
Global
	GlobalSection(SolutionConfigurationPlatforms) = preSolution
		Debug|Any CPU = Debug|Any CPU
		Release|Any CPU = Release|Any CPU
	EndGlobalSection
	GlobalSection(ProjectConfigurationPlatforms) = postSolution
		{EE338D84-C4ED-467B-A28B-76406FEB8E01}.Debug|Any CPU.ActiveCfg = Debug|Any CPU
		{EE338D84-C4ED-467B-A28B-76406FEB8E01}.Debug|Any CPU.Build.0 = Debug|Any CPU
		{EE338D84-C4ED-467B-A28B-76406FEB8E01}.Release|Any CPU.ActiveCfg = Release|Any CPU
		{EE338D84-C4ED-467B-A28B-76406FEB8E01}.Release|Any CPU.Build.0 = Release|Any CPU
	EndGlobalSection
	GlobalSection(SolutionProperties) = preSolution
		HideSolutionNode = FALSE
	EndGlobalSection
	GlobalSection(ExtensibilityGlobals) = postSolution
		SolutionGuid = {810D18C2-67A6-47B5-806C-CFEB589ABC54}
	EndGlobalSection
EndGlobal
